
Microsoft Visual Studio Solution File, Format Version 12.00
# Visual Studio Version 17
VisualStudioVersion = 17.4.33122.133
MinimumVisualStudioVersion = 10.0.40219.1
Project("{FAE04EC0-301F-11D3-BF4B-00C04F79EFBC}") = "ICMPBenchmark", "ICMPBenchmark\ICMPBenchmark.csproj", "{54F1CCEF-3071-4C8B-B6CA-2F1673C050EC}"
EndProject
Global
	GlobalSection(SolutionConfigurationPlatforms) = preSolution
		Debug|Any CPU = Debug|Any CPU
		Release|Any CPU = Release|Any CPU
	EndGlobalSection
	GlobalSection(ProjectConfigurationPlatforms) = postSolution
		{54F1CCEF-3071-4C8B-B6CA-2F1673C050EC}.Debug|Any CPU.ActiveCfg = Debug|Any CPU
		{54F1CCEF-3071-4C8B-B6CA-2F1673C050EC}.Debug|Any CPU.Build.0 = Debug|Any CPU
		{54F1CCEF-3071-4C8B-B6CA-2F1673C050EC}.Release|Any CPU.ActiveCfg = Release|Any CPU
		{54F1CCEF-3071-4C8B-B6CA-2F1673C050EC}.Release|Any CPU.Build.0 = Release|Any CPU
	EndGlobalSection
	GlobalSection(SolutionProperties) = preSolution
		HideSolutionNode = FALSE
	EndGlobalSection
	GlobalSection(ExtensibilityGlobals) = postSolution
		SolutionGuid = {D2B945C1-3346-46DC-82C4-2B3E37EFF881}
	EndGlobalSection
EndGlobal
